// !$*UTF8*$!
{
	archiveVersion = 1;
	classes = {
	};
	objectVersion = 50;
	objects = {

/* Begin PBXBuildFile section */
		53157D7325A05FF400447A25 /* AppDelegate.swift in Sources */ = {isa = PBXBuildFile; fileRef = 53157D7225A05FF400447A25 /* AppDelegate.swift */; };
		53157D7525A05FF400447A25 /* SceneDelegate.swift in Sources */ = {isa = PBXBuildFile; fileRef = 53157D7425A05FF400447A25 /* SceneDelegate.swift */; };
		53157D7725A05FF400447A25 /* FirstVC.swift in Sources */ = {isa = PBXBuildFile; fileRef = 53157D7625A05FF400447A25 /* FirstVC.swift */; };
		53157D7A25A05FF400447A25 /* Main.storyboard in Resources */ = {isa = PBXBuildFile; fileRef = 53157D7825A05FF400447A25 /* Main.storyboard */; };
		53157D7C25A05FFB00447A25 /* Assets.xcassets in Resources */ = {isa = PBXBuildFile; fileRef = 53157D7B25A05FFB00447A25 /* Assets.xcassets */; };
		53157D7F25A05FFB00447A25 /* LaunchScreen.storyboard in Resources */ = {isa = PBXBuildFile; fileRef = 53157D7D25A05FFB00447A25 /* LaunchScreen.storyboard */; };
		53157D8925A0B6F800447A25 /* SecondVC.swift in Sources */ = {isa = PBXBuildFile; fileRef = 53157D8825A0B6F800447A25 /* SecondVC.swift */; };
		53157D8C25A0B7F500447A25 /* PassingValueDelegate.swift in Sources */ = {isa = PBXBuildFile; fileRef = 53157D8B25A0B7F500447A25 /* PassingValueDelegate.swift */; };
/* End PBXBuildFile section */

/* Begin PBXFileReference section */
		53157D6F25A05FF400447A25 /* DelegatePassingValue.app */ = {isa = PBXFileReference; explicitFileType = wrapper.application; includeInIndex = 0; path = DelegatePassingValue.app; sourceTree = BUILT_PRODUCTS_DIR; };
		53157D7225A05FF400447A25 /* AppDelegate.swift */ = {isa = PBXFileReference; lastKnownFileType = sourcecode.swift; path = AppDelegate.swift; sourceTree = "<group>"; };
		53157D7425A05FF400447A25 /* SceneDelegate.swift */ = {isa = PBXFileReference; lastKnownFileType = sourcecode.swift; path = SceneDelegate.swift; sourceTree = "<group>"; };
		53157D7625A05FF400447A25 /* FirstVC.swift */ = {isa = PBXFileReference; lastKnownFileType = sourcecode.swift; path = FirstVC.swift; sourceTree = "<group>"; };
		53157D7925A05FF400447A25 /* Base */ = {isa = PBXFileReference; lastKnownFileType = file.storyboard; name = Base; path = Base.lproj/Main.storyboard; sourceTree = "<group>"; };
		53157D7B25A05FFB00447A25 /* Assets.xcassets */ = {isa = PBXFileReference; lastKnownFileType = folder.assetcatalog; path = Assets.xcassets; sourceTree = "<group>"; };
		53157D7E25A05FFB00447A25 /* Base */ = {isa = PBXFileReference; lastKnownFileType = file.storyboard; name = Base; path = Base.lproj/LaunchScreen.storyboard; sourceTree = "<group>"; };
		53157D8025A05FFB00447A25 /* Info.plist */ = {isa = PBXFileReference; lastKnownFileType = text.plist.xml; path = Info.plist; sourceTree = "<group>"; };
		53157D8825A0B6F800447A25 /* SecondVC.swift */ = {isa = PBXFileReference; lastKnownFileType = sourcecode.swift; path = SecondVC.swift; sourceTree = "<group>"; };
		53157D8B25A0B7F500447A25 /* PassingValueDelegate.swift */ = {isa = PBXFileReference; lastKnownFileType = sourcecode.swift; path = PassingValueDelegate.swift; sourceTree = "<group>"; };
/* End PBXFileReference section */

/* Begin PBXFrameworksBuildPhase section */
		53157D6C25A05FF400447A25 /* Frameworks */ = {
			isa = PBXFrameworksBuildPhase;
			buildActionMask = 2147483647;
			files = (
			);
			runOnlyForDeploymentPostprocessing = 0;
		};
/* End PBXFrameworksBuildPhase section */

/* Begin PBXGroup section */
		53157D6625A05FF400447A25 = {
			isa = PBXGroup;
			children = (
				53157D7125A05FF400447A25 /* DelegatePassingValue */,
				53157D7025A05FF400447A25 /* Products */,
			);
			sourceTree = "<group>";
		};
		53157D7025A05FF400447A25 /* Products */ = {
			isa = PBXGroup;
			children = (
				53157D6F25A05FF400447A25 /* DelegatePassingValue.app */,
			);
			name = Products;
			sourceTree = "<group>";
		};
		53157D7125A05FF400447A25 /* DelegatePassingValue */ = {
			isa = PBXGroup;
			children = (
				53157D7225A05FF400447A25 /* AppDelegate.swift */,
				53157D7425A05FF400447A25 /* SceneDelegate.swift */,
				53157D8B25A0B7F500447A25 /* PassingValueDelegate.swift */,
				53157D7625A05FF400447A25 /* FirstVC.swift */,
				53157D8825A0B6F800447A25 /* SecondVC.swift */,
				53157D7825A05FF400447A25 /* Main.storyboard */,
				53157D7B25A05FFB00447A25 /* Assets.xcassets */,
				53157D7D25A05FFB00447A25 /* LaunchScreen.storyboard */,
				53157D8025A05FFB00447A25 /* Info.plist */,
			);
			path = DelegatePassingValue;
			sourceTree = "<group>";
		};
/* End PBXGroup section */

/* Begin PBXNativeTarget section */
		53157D6E25A05FF400447A25 /* DelegatePassingValue */ = {
			isa = PBXNativeTarget;
			buildConfigurationList = 53157D8325A05FFB00447A25 /* Build configuration list for PBXNativeTarget "DelegatePassingValue" */;
			buildPhases = (
				53157D6B25A05FF400447A25 /* Sources */,
				53157D6C25A05FF400447A25 /* Frameworks */,
				53157D6D25A05FF400447A25 /* Resources */,
			);
			buildRules = (
			);
			dependencies = (
			);
			name = DelegatePassingValue;
			productName = DelegatePassingValue;
			productReference = 53157D6F25A05FF400447A25 /* DelegatePassingValue.app */;
			productType = "com.apple.product-type.application";
		};
/* End PBXNativeTarget section */

/* Begin PBXProject section */
		53157D6725A05FF400447A25 /* Project object */ = {
			isa = PBXProject;
			attributes = {
				LastSwiftUpdateCheck = 1220;
				LastUpgradeCheck = 1220;
				TargetAttributes = {
					53157D6E25A05FF400447A25 = {
						CreatedOnToolsVersion = 12.2;
					};
				};
			};
			buildConfigurationList = 53157D6A25A05FF400447A25 /* Build configuration list for PBXProject "DelegatePassingValue" */;
			compatibilityVersion = "Xcode 9.3";
			developmentRegion = en;
			hasScannedForEncodings = 0;
			knownRegions = (
				en,
				Base,
			);
			mainGroup = 53157D6625A05FF400447A25;
			productRefGroup = 53157D7025A05FF400447A25 /* Products */;
			projectDirPath = "";
			projectRoot = "";
			targets = (
				53157D6E25A05FF400447A25 /* DelegatePassingValue */,
			);
		};
/* End PBXProject section */

/* Begin PBXResourcesBuildPhase section */
		53157D6D25A05FF400447A25 /* Resources */ = {
			isa = PBXResourcesBuildPhase;
			buildActionMask = 2147483647;
			files = (
				53157D7F25A05FFB00447A25 /* LaunchScreen.storyboard in Resources */,
				53157D7C25A05FFB00447A25 /* Assets.xcassets in Resources */,
				53157D7A25A05FF400447A25 /* Main.storyboard in Resources */,
			);
			runOnlyForDeploymentPostprocessing = 0;
		};
/* End PBXResourcesBuildPhase section */

/* Begin PBXSourcesBuildPhase section */
		53157D6B25A05FF400447A25 /* Sources */ = {
			isa = PBXSourcesBuildPhase;
			buildActionMask = 2147483647;
			files = (
				53157D7725A05FF400447A25 /* FirstVC.swift in Sources */,
				53157D7325A05FF400447A25 /* AppDelegate.swift in Sources */,
				53157D8925A0B6F800447A25 /* SecondVC.swift in Sources */,
				53157D7525A05FF400447A25 /* SceneDelegate.swift in Sources */,
				53157D8C25A0B7F500447A25 /* PassingValueDelegate.swift in Sources */,
			);
			runOnlyForDeploymentPostprocessing = 0;
		};
/* End PBXSourcesBuildPhase section */

/* Begin PBXVariantGroup section */
		53157D7825A05FF400447A25 /* Main.storyboard */ = {
			isa = PBXVariantGroup;
			children = (
				53157D7925A05FF400447A25 /* Base */,
			);
			name = Main.storyboard;
			sourceTree = "<group>";
		};
		53157D7D25A05FFB00447A25 /* LaunchScreen.storyboard */ = {
			isa = PBXVariantGroup;
			children = (
				53157D7E25A05FFB00447A25 /* Base */,
			);
			name = LaunchScreen.storyboard;
			sourceTree = "<group>";
		};
/* End PBXVariantGroup section */

/* Begin XCBuildConfiguration section */
		53157D8125A05FFB00447A25 /* Debug */ = {
			isa = XCBuildConfiguration;
			buildSettings = {
				ALWAYS_SEARCH_USER_PATHS = NO;
				CLANG_ANALYZER_NONNULL = YES;
				CLANG_ANALYZER_NUMBER_OBJECT_CONVERSION = YES_AGGRESSIVE;
				CLANG_CXX_LANGUAGE_STANDARD = "gnu++14";
				CLANG_CXX_LIBRARY = "libc++";
				CLANG_ENABLE_MODULES = YES;
				CLANG_ENABLE_OBJC_ARC = YES;
				CLANG_ENABLE_OBJC_WEAK = YES;
				CLANG_WARN_BLOCK_CAPTURE_AUTORELEASING = YES;
				CLANG_WARN_BOOL_CONVERSION = YES;
				CLANG_WARN_COMMA = YES;
				CLANG_WARN_CONSTANT_CONVERSION = YES;
				CLANG_WARN_DEPRECATED_OBJC_IMPLEMENTATIONS = YES;
				CLANG_WARN_DIRECT_OBJC_ISA_USAGE = YES_ERROR;
				CLANG_WARN_DOCUMENTATION_COMMENTS = YES;
				CLANG_WARN_EMPTY_BODY = YES;
				CLANG_WARN_ENUM_CONVERSION = YES;
				CLANG_WARN_INFINITE_RECURSION = YES;
				CLANG_WARN_INT_CONVERSION = YES;
				CLANG_WARN_NON_LITERAL_NULL_CONVERSION = YES;
				CLANG_WARN_OBJC_IMPLICIT_RETAIN_SELF = YES;
				CLANG_WARN_OBJC_LITERAL_CONVERSION = YES;
				CLANG_WARN_OBJC_ROOT_CLASS = YES_ERROR;
				CLANG_WARN_QUOTED_INCLUDE_IN_FRAMEWORK_HEADER = YES;
				CLANG_WARN_RANGE_LOOP_ANALYSIS = YES;
				CLANG_WARN_STRICT_PROTOTYPES = YES;
				CLANG_WARN_SUSPICIOUS_MOVE = YES;
				CLANG_WARN_UNGUARDED_AVAILABILITY = YES_AGGRESSIVE;
				CLANG_WARN_UNREACHABLE_CODE = YES;
				CLANG_WARN__DUPLICATE_METHOD_MATCH = YES;
				COPY_PHASE_STRIP = NO;
				DEBUG_INFORMATION_FORMAT = dwarf;
				ENABLE_STRICT_OBJC_MSGSEND = YES;
				ENABLE_TESTABILITY = YES;
				GCC_C_LANGUAGE_STANDARD = gnu11;
				GCC_DYNAMIC_NO_PIC = NO;
				GCC_NO_COMMON_BLOCKS = YES;
				GCC_OPTIMIZATION_LEVEL = 0;
				GCC_PREPROCESSOR_DEFINITIONS = (
					"DEBUG=1",
					"$(inherited)",
				);
				GCC_WARN_64_TO_32_BIT_CONVERSION = YES;
				GCC_WARN_ABOUT_RETURN_TYPE = YES_ERROR;
				GCC_WARN_UNDECLARED_SELECTOR = YES;
				GCC_WARN_UNINITIALIZED_AUTOS = YES_AGGRESSIVE;
				GCC_WARN_UNUSED_FUNCTION = YES;
				GCC_WARN_UNUSED_VARIABLE = YES;
				IPHONEOS_DEPLOYMENT_TARGET = 14.2;
				MTL_ENABLE_DEBUG_INFO = INCLUDE_SOURCE;
				MTL_FAST_MATH = YES;
				ONLY_ACTIVE_ARCH = YES;
				SDKROOT = iphoneos;
				SWIFT_ACTIVE_COMPILATION_CONDITIONS = DEBUG;
				SWIFT_OPTIMIZATION_LEVEL = "-Onone";
			};
			name = Debug;
		};
		53157D8225A05FFB00447A25 /* Release */ = {
			isa = XCBuildConfiguration;
			buildSettings = {
				ALWAYS_SEARCH_USER_PATHS = NO;
				CLANG_ANALYZER_NONNULL = YES;
				CLANG_ANALYZER_NUMBER_OBJECT_CONVERSION = YES_AGGRESSIVE;
				CLANG_CXX_LANGUAGE_STANDARD = "gnu++14";
				CLANG_CXX_LIBRARY = "libc++";
				CLANG_ENABLE_MODULES = YES;
				CLANG_ENABLE_OBJC_ARC = YES;
				CLANG_ENABLE_OBJC_WEAK = YES;
				CLANG_WARN_BLOCK_CAPTURE_AUTORELEASING = YES;
				CLANG_WARN_BOOL_CONVERSION = YES;
				CLANG_WARN_COMMA = YES;
				CLANG_WARN_CONSTANT_CONVERSION = YES;
				CLANG_WARN_DEPRECATED_OBJC_IMPLEMENTATIONS = YES;
				CLANG_WARN_DIRECT_OBJC_ISA_USAGE = YES_ERROR;
				CLANG_WARN_DOCUMENTATION_COMMENTS = YES;
				CLANG_WARN_EMPTY_BODY = YES;
				CLANG_WARN_ENUM_CONVERSION = YES;
				CLANG_WARN_INFINITE_RECURSION = YES;
				CLANG_WARN_INT_CONVERSION = YES;
				CLANG_WARN_NON_LITERAL_NULL_CONVERSION = YES;
				CLANG_WARN_OBJC_IMPLICIT_RETAIN_SELF = YES;
				CLANG_WARN_OBJC_LITERAL_CONVERSION = YES;
				CLANG_WARN_OBJC_ROOT_CLASS = YES_ERROR;
				CLANG_WARN_QUOTED_INCLUDE_IN_FRAMEWORK_HEADER = YES;
				CLANG_WARN_RANGE_LOOP_ANALYSIS = YES;
				CLANG_WARN_STRICT_PROTOTYPES = YES;
				CLANG_WARN_SUSPICIOUS_MOVE = YES;
				CLANG_WARN_UNGUARDED_AVAILABILITY = YES_AGGRESSIVE;
				CLANG_WARN_UNREACHABLE_CODE = YES;
				CLANG_WARN__DUPLICATE_METHOD_MATCH = YES;
				COPY_PHASE_STRIP = NO;
				DEBUG_INFORMATION_FORMAT = "dwarf-with-dsym";
				ENABLE_NS_ASSERTIONS = NO;
				ENABLE_STRICT_OBJC_MSGSEND = YES;
				GCC_C_LANGUAGE_STANDARD = gnu11;
				GCC_NO_COMMON_BLOCKS = YES;
				GCC_WARN_64_TO_32_BIT_CONVERSION = YES;
				GCC_WARN_ABOUT_RETURN_TYPE = YES_ERROR;
				GCC_WARN_UNDECLARED_SELECTOR = YES;
				GCC_WARN_UNINITIALIZED_AUTOS = YES_AGGRESSIVE;
				GCC_WARN_UNUSED_FUNCTION = YES;
				GCC_WARN_UNUSED_VARIABLE = YES;
				IPHONEOS_DEPLOYMENT_TARGET = 14.2;
				MTL_ENABLE_DEBUG_INFO = NO;
				MTL_FAST_MATH = YES;
				SDKROOT = iphoneos;
				SWIFT_COMPILATION_MODE = wholemodule;
				SWIFT_OPTIMIZATION_LEVEL = "-O";
				VALIDATE_PRODUCT = YES;
			};
			name = Release;
		};
		53157D8425A05FFB00447A25 /* Debug */ = {
			isa = XCBuildConfiguration;
			buildSettings = {
				ASSETCATALOG_COMPILER_APPICON_NAME = AppIcon;
				ASSETCATALOG_COMPILER_GLOBAL_ACCENT_COLOR_NAME = AccentColor;
				CODE_SIGN_STYLE = Automatic;
				DEVELOPMENT_TEAM = 6X5J69Q9BS;
				INFOPLIST_FILE = DelegatePassingValue/Info.plist;
				IPHONEOS_DEPLOYMENT_TARGET = 14.5;
				LD_RUNPATH_SEARCH_PATHS = (
					"$(inherited)",
					"@executable_path/Frameworks",
				);
				PRODUCT_BUNDLE_IDENTIFIER = com.Jimmy.DelegatePassingValue;
				PRODUCT_NAME = "$(TARGET_NAME)";
				SWIFT_VERSION = 5.0;
				TARGETED_DEVICE_FAMILY = "1,2";
			};
			name = Debug;
		};
		53157D8525A05FFB00447A25 /* Release */ = {
			isa = XCBuildConfiguration;
			buildSettings = {
				ASSETCATALOG_COMPILER_APPICON_NAME = AppIcon;
				ASSETCATALOG_COMPILER_GLOBAL_ACCENT_COLOR_NAME = AccentColor;
				CODE_SIGN_STYLE = Automatic;
				DEVELOPMENT_TEAM = 6X5J69Q9BS;
				INFOPLIST_FILE = DelegatePassingValue/Info.plist;
				IPHONEOS_DEPLOYMENT_TARGET = 14.5;
				LD_RUNPATH_SEARCH_PATHS = (
					"$(inherited)",
					"@executable_path/Frameworks",
				);
				PRODUCT_BUNDLE_IDENTIFIER = com.Jimmy.DelegatePassingValue;
				PRODUCT_NAME = "$(TARGET_NAME)";
				SWIFT_VERSION = 5.0;
				TARGETED_DEVICE_FAMILY = "1,2";
			};
			name = Release;
		};
/* End XCBuildConfiguration section */

/* Begin XCConfigurationList section */
		53157D6A25A05FF400447A25 /* Build configuration list for PBXProject "DelegatePassingValue" */ = {
			isa = XCConfigurationList;
			buildConfigurations = (
				53157D8125A05FFB00447A25 /* Debug */,
				53157D8225A05FFB00447A25 /* Release */,
			);
			defaultConfigurationIsVisible = 0;
			defaultConfigurationName = Release;
		};
		53157D8325A05FFB00447A25 /* Build configuration list for PBXNativeTarget "DelegatePassingValue" */ = {
			isa = XCConfigurationList;
			buildConfigurations = (
				53157D8425A05FFB00447A25 /* Debug */,
				53157D8525A05FFB00447A25 /* Release */,
			);
			defaultConfigurationIsVisible = 0;
			defaultConfigurationName = Release;
		};
/* End XCConfigurationList section */
	};
	rootObject = 53157D6725A05FF400447A25 /* Project object */;
}
